
Microsoft Visual Studio Solution File, Format Version 12.00
# Visual Studio 15
VisualStudioVersion = 15.0.28307.1259
MinimumVisualStudioVersion = 10.0.40219.1
Project("{FAE04EC0-301F-11D3-BF4B-00C04F79EFBC}") = "Chilpass", "Chilpass\Chilpass.csproj", "{17C7EDF4-73A4-4247-B8BC-E12FCADC8D2D}"
EndProject
Global
	GlobalSection(SolutionConfigurationPlatforms) = preSolution
		Debug|Any CPU = Debug|Any CPU
		Release|Any CPU = Release|Any CPU
	EndGlobalSection
	GlobalSection(ProjectConfigurationPlatforms) = postSolution
		{17C7EDF4-73A4-4247-B8BC-E12FCADC8D2D}.Debug|Any CPU.ActiveCfg = Debug|Any CPU
		{17C7EDF4-73A4-4247-B8BC-E12FCADC8D2D}.Debug|Any CPU.Build.0 = Debug|Any CPU
		{17C7EDF4-73A4-4247-B8BC-E12FCADC8D2D}.Release|Any CPU.ActiveCfg = Release|Any CPU
		{17C7EDF4-73A4-4247-B8BC-E12FCADC8D2D}.Release|Any CPU.Build.0 = Release|Any CPU
	EndGlobalSection
	GlobalSection(SolutionProperties) = preSolution
		HideSolutionNode = FALSE
	EndGlobalSection
	GlobalSection(ExtensibilityGlobals) = postSolution
		SolutionGuid = {4B63ADA3-F5DF-41F1-A3DF-9E6E830143ED}
	EndGlobalSection
EndGlobal
